
Microsoft Visual Studio Solution File, Format Version 12.00
# Visual Studio Version 17
VisualStudioVersion = 17.0.31903.59
MinimumVisualStudioVersion = 10.0.40219.1
Project("{2150E333-8FDC-42A3-9474-1A3956D46DE8}") = "src", "src", "{FE573660-9D11-4DEF-86EA-BD7E84B5BB88}"
EndProject
Project("{FAE04EC0-301F-11D3-BF4B-00C04F79EFBC}") = "BubbleSort", "src\BubbleSort\BubbleSort.csproj", "{8C598E4A-82BF-4530-802F-71C8D83684C8}"
EndProject
Global
	GlobalSection(SolutionConfigurationPlatforms) = preSolution
		Debug|Any CPU = Debug|Any CPU
		Release|Any CPU = Release|Any CPU
	EndGlobalSection
	GlobalSection(ProjectConfigurationPlatforms) = postSolution
		{8C598E4A-82BF-4530-802F-71C8D83684C8}.Debug|Any CPU.ActiveCfg = Debug|Any CPU
		{8C598E4A-82BF-4530-802F-71C8D83684C8}.Debug|Any CPU.Build.0 = Debug|Any CPU
		{8C598E4A-82BF-4530-802F-71C8D83684C8}.Release|Any CPU.ActiveCfg = Release|Any CPU
		{8C598E4A-82BF-4530-802F-71C8D83684C8}.Release|Any CPU.Build.0 = Release|Any CPU
	EndGlobalSection
	GlobalSection(SolutionProperties) = preSolution
		HideSolutionNode = FALSE
	EndGlobalSection
	GlobalSection(NestedProjects) = preSolution
		{8C598E4A-82BF-4530-802F-71C8D83684C8} = {FE573660-9D11-4DEF-86EA-BD7E84B5BB88}
	EndGlobalSection
EndGlobal
